
Microsoft Visual Studio Solution File, Format Version 12.00
# Visual Studio Version 17
VisualStudioVersion = 17.9.34723.18
MinimumVisualStudioVersion = 10.0.40219.1
Project("{FAE04EC0-301F-11D3-BF4B-00C04F79EFBC}") = "StudentManagementSystem", "StudentManagementSystem\StudentManagementSystem.csproj", "{71778D91-7111-4CBB-A2C2-F804E3FC94E0}"
EndProject
Global
	GlobalSection(SolutionConfigurationPlatforms) = preSolution
		Debug|Any CPU = Debug|Any CPU
		Release|Any CPU = Release|Any CPU
	EndGlobalSection
	GlobalSection(ProjectConfigurationPlatforms) = postSolution
		{71778D91-7111-4CBB-A2C2-F804E3FC94E0}.Debug|Any CPU.ActiveCfg = Debug|Any CPU
		{71778D91-7111-4CBB-A2C2-F804E3FC94E0}.Debug|Any CPU.Build.0 = Debug|Any CPU
		{71778D91-7111-4CBB-A2C2-F804E3FC94E0}.Release|Any CPU.ActiveCfg = Release|Any CPU
		{71778D91-7111-4CBB-A2C2-F804E3FC94E0}.Release|Any CPU.Build.0 = Release|Any CPU
	EndGlobalSection
	GlobalSection(SolutionProperties) = preSolution
		HideSolutionNode = FALSE
	EndGlobalSection
	GlobalSection(ExtensibilityGlobals) = postSolution
		SolutionGuid = {DA413C61-87F8-4166-AB58-38DE64E81B60}
	EndGlobalSection
EndGlobal
